// !$*UTF8*$!
{
	archiveVersion = 1;
	classes = {
	};
	objectVersion = 46;
	objects = {

/* Begin PBXBuildFile section */
		2F375CBD188FA8BB0077657E /* SFMenuCell.m in Sources */ = {isa = PBXBuildFile; fileRef = 2F375CAA188FA8BB0077657E /* SFMenuCell.m */; };
		2F375CBE188FA8BB0077657E /* SFSlideMenuContentSegue.m in Sources */ = {isa = PBXBuildFile; fileRef = 2F375CAC188FA8BB0077657E /* SFSlideMenuContentSegue.m */; };
		2F375CBF188FA8BB0077657E /* SFSlideMenuLeftMenuSegue.m in Sources */ = {isa = PBXBuildFile; fileRef = 2F375CB0188FA8BB0077657E /* SFSlideMenuLeftMenuSegue.m */; };
		2F375CC0188FA8BB0077657E /* SFSlideMenuNavigationController.m in Sources */ = {isa = PBXBuildFile; fileRef = 2F375CB2188FA8BB0077657E /* SFSlideMenuNavigationController.m */; };
		2F375CC1188FA8BB0077657E /* SFSlideMenuPushSegue.m in Sources */ = {isa = PBXBuildFile; fileRef = 2F375CB4188FA8BB0077657E /* SFSlideMenuPushSegue.m */; };
		2F375CC2188FA8BB0077657E /* SFSlideMenuRightMenuSegue.m in Sources */ = {isa = PBXBuildFile; fileRef = 2F375CB6188FA8BB0077657E /* SFSlideMenuRightMenuSegue.m */; };
		2F375CC3188FA8BB0077657E /* SFSlideMenuRightMenuViewController.m in Sources */ = {isa = PBXBuildFile; fileRef = 2F375CB8188FA8BB0077657E /* SFSlideMenuRightMenuViewController.m */; };
		2F375CC4188FA8BB0077657E /* SFSlideMenuRootViewController.m in Sources */ = {isa = PBXBuildFile; fileRef = 2F375CBA188FA8BB0077657E /* SFSlideMenuRootViewController.m */; };
		2F375CC5188FA8BB0077657E /* SFSlideMenuViewController.m in Sources */ = {isa = PBXBuildFile; fileRef = 2F375CBC188FA8BB0077657E /* SFSlideMenuViewController.m */; };
		2F375CC8188FDF620077657E /* menuIcon.png in Resources */ = {isa = PBXBuildFile; fileRef = 2F375CC6188FDF620077657E /* menuIcon.png */; };
		2F375CC9188FDF620077657E /* menuIcon@2x.png in Resources */ = {isa = PBXBuildFile; fileRef = 2F375CC7188FDF620077657E /* menuIcon@2x.png */; };
		2F375CCC188FE8900077657E /* EHCreateEventController.m in Sources */ = {isa = PBXBuildFile; fileRef = 2F375CCB188FE8900077657E /* EHCreateEventController.m */; };
		2F375CCF188FE8AE0077657E /* EHSettingsController.m in Sources */ = {isa = PBXBuildFile; fileRef = 2F375CCE188FE8AE0077657E /* EHSettingsController.m */; };
		2F375CD2188FE8D50077657E /* EHInboxController.m in Sources */ = {isa = PBXBuildFile; fileRef = 2F375CD1188FE8D50077657E /* EHInboxController.m */; };
		2F375CD5188FE9550077657E /* EHProfileController.m in Sources */ = {isa = PBXBuildFile; fileRef = 2F375CD4188FE9550077657E /* EHProfileController.m */; };
		2F375CE0189003B10077657E /* profile.jpg in Resources */ = {isa = PBXBuildFile; fileRef = 2F375CDF189003B10077657E /* profile.jpg */; };
		2F4176FD18A37992003407C0 /* neuroapp@2x.png in Resources */ = {isa = PBXBuildFile; fileRef = 2F4176FC18A37992003407C0 /* neuroapp@2x.png */; };
		2F4176FF18A379BF003407C0 /* neuroapp.png in Resources */ = {isa = PBXBuildFile; fileRef = 2F4176FE18A379BF003407C0 /* neuroapp.png */; };
		2FC33ABD188A60A100073D89 /* Foundation.framework in Frameworks */ = {isa = PBXBuildFile; fileRef = 2FC33ABC188A60A100073D89 /* Foundation.framework */; };
		2FC33ABF188A60A100073D89 /* CoreGraphics.framework in Frameworks */ = {isa = PBXBuildFile; fileRef = 2FC33ABE188A60A100073D89 /* CoreGraphics.framework */; };
		2FC33AC1188A60A100073D89 /* UIKit.framework in Frameworks */ = {isa = PBXBuildFile; fileRef = 2FC33AC0188A60A100073D89 /* UIKit.framework */; };
		2FC33AC7188A60A100073D89 /* InfoPlist.strings in Resources */ = {isa = PBXBuildFile; fileRef = 2FC33AC5188A60A100073D89 /* InfoPlist.strings */; };
		2FC33AC9188A60A100073D89 /* main.m in Sources */ = {isa = PBXBuildFile; fileRef = 2FC33AC8188A60A100073D89 /* main.m */; };
		2FC33ACD188A60A100073D89 /* EHAppDelegate.m in Sources */ = {isa = PBXBuildFile; fileRef = 2FC33ACC188A60A100073D89 /* EHAppDelegate.m */; };
		2FC33AD0188A60A100073D89 /* Main_iPhone.storyboard in Resources */ = {isa = PBXBuildFile; fileRef = 2FC33ACE188A60A100073D89 /* Main_iPhone.storyboard */; };
		2FC33AD3188A60A100073D89 /* Main_iPad.storyboard in Resources */ = {isa = PBXBuildFile; fileRef = 2FC33AD1188A60A100073D89 /* Main_iPad.storyboard */; };
		2FC33AD6188A60A100073D89 /* EHViewController.m in Sources */ = {isa = PBXBuildFile; fileRef = 2FC33AD5188A60A100073D89 /* EHViewController.m */; };
		2FC33AD8188A60A100073D89 /* Images.xcassets in Resources */ = {isa = PBXBuildFile; fileRef = 2FC33AD7188A60A100073D89 /* Images.xcassets */; };
		2FC33ADF188A60A100073D89 /* XCTest.framework in Frameworks */ = {isa = PBXBuildFile; fileRef = 2FC33ADE188A60A100073D89 /* XCTest.framework */; };
		2FC33AE0188A60A100073D89 /* Foundation.framework in Frameworks */ = {isa = PBXBuildFile; fileRef = 2FC33ABC188A60A100073D89 /* Foundation.framework */; };
		2FC33AE1188A60A100073D89 /* UIKit.framework in Frameworks */ = {isa = PBXBuildFile; fileRef = 2FC33AC0188A60A100073D89 /* UIKit.framework */; };
		2FC33AE9188A60A100073D89 /* InfoPlist.strings in Resources */ = {isa = PBXBuildFile; fileRef = 2FC33AE7188A60A100073D89 /* InfoPlist.strings */; };
		2FC33AEB188A60A100073D89 /* eHealthTests.m in Sources */ = {isa = PBXBuildFile; fileRef = 2FC33AEA188A60A100073D89 /* eHealthTests.m */; };
		2FC33AF7188A618000073D89 /* EHNetworkManager.m in Sources */ = {isa = PBXBuildFile; fileRef = 2FC33AF6188A618000073D89 /* EHNetworkManager.m */; };
		2FC33AFD188B55EF00073D89 /* EHLoginController.m in Sources */ = {isa = PBXBuildFile; fileRef = 2FC33AFC188B55EF00073D89 /* EHLoginController.m */; };
		2FC33B02188B57B100073D89 /* mail.png in Resources */ = {isa = PBXBuildFile; fileRef = 2FC33B00188B57B100073D89 /* mail.png */; };
		2FC33B03188B57B100073D89 /* mail@2x.png in Resources */ = {isa = PBXBuildFile; fileRef = 2FC33B01188B57B100073D89 /* mail@2x.png */; };
		2FC33B06188B57BF00073D89 /* lock.png in Resources */ = {isa = PBXBuildFile; fileRef = 2FC33B04188B57BF00073D89 /* lock.png */; };
		2FC33B07188B57BF00073D89 /* lock@2x.png in Resources */ = {isa = PBXBuildFile; fileRef = 2FC33B05188B57BF00073D89 /* lock@2x.png */; };
		2FC33B10188B64B100073D89 /* MBAlertView.m in Sources */ = {isa = PBXBuildFile; fileRef = 2FC33B0B188B64B100073D89 /* MBAlertView.m */; };
		2FC33B11188B64B100073D89 /* MBAlertViewButton.m in Sources */ = {isa = PBXBuildFile; fileRef = 2FC33B0D188B64B100073D89 /* MBAlertViewButton.m */; };
		2FC33B12188B64B100073D89 /* MBAlertViewItem.m in Sources */ = {isa = PBXBuildFile; fileRef = 2FC33B0F188B64B100073D89 /* MBAlertViewItem.m */; };
		2FC33B15188B64EC00073D89 /* MBAlertAbstract.m in Sources */ = {isa = PBXBuildFile; fileRef = 2FC33B14188B64EC00073D89 /* MBAlertAbstract.m */; };
		2FC33B1D188B652D00073D89 /* MBCheckMarkView.m in Sources */ = {isa = PBXBuildFile; fileRef = 2FC33B18188B652D00073D89 /* MBCheckMarkView.m */; };
		2FC33B1E188B652D00073D89 /* MBHUDView.m in Sources */ = {isa = PBXBuildFile; fileRef = 2FC33B1A188B652D00073D89 /* MBHUDView.m */; };
		2FC33B1F188B652D00073D89 /* MBSpinningCircle.m in Sources */ = {isa = PBXBuildFile; fileRef = 2FC33B1C188B652D00073D89 /* MBSpinningCircle.m */; };
		2FC33B27188B655F00073D89 /* NSString+Trim.m in Sources */ = {isa = PBXBuildFile; fileRef = 2FC33B22188B655F00073D89 /* NSString+Trim.m */; };
		2FC33B28188B655F00073D89 /* UIFont+Alert.m in Sources */ = {isa = PBXBuildFile; fileRef = 2FC33B24188B655F00073D89 /* UIFont+Alert.m */; };
		2FC33B29188B655F00073D89 /* UIView+Alert.m in Sources */ = {isa = PBXBuildFile; fileRef = 2FC33B26188B655F00073D89 /* UIView+Alert.m */; };
		2FC33B32188B65CE00073D89 /* AutoLayoutHelpers.m in Sources */ = {isa = PBXBuildFile; fileRef = 2FC33B2F188B65CE00073D89 /* AutoLayoutHelpers.m */; };
		2FC33B33188B65CE00073D89 /* UIView+Autolayout.m in Sources */ = {isa = PBXBuildFile; fileRef = 2FC33B31188B65CE00073D89 /* UIView+Autolayout.m */; };
		2FC33B3A188B65E000073D89 /* MBFlatAlertAbstract.m in Sources */ = {isa = PBXBuildFile; fileRef = 2FC33B35188B65E000073D89 /* MBFlatAlertAbstract.m */; };
		2FC33B3B188B65E000073D89 /* MBFlatAlertButton.m in Sources */ = {isa = PBXBuildFile; fileRef = 2FC33B37188B65E000073D89 /* MBFlatAlertButton.m */; };
		2FC33B3C188B65E000073D89 /* MBFlatAlertView.m in Sources */ = {isa = PBXBuildFile; fileRef = 2FC33B39188B65E000073D89 /* MBFlatAlertView.m */; };
		2FC33B3F188BE39D00073D89 /* EHSideController.m in Sources */ = {isa = PBXBuildFile; fileRef = 2FC33B3E188BE39D00073D89 /* EHSideController.m */; };
		2FC33B41188BE52800073D89 /* profile-1.jpg in Resources */ = {isa = PBXBuildFile; fileRef = 2FC33B40188BE52800073D89 /* profile-1.jpg */; };
		2FC33B4D188BE5C100073D89 /* account.png in Resources */ = {isa = PBXBuildFile; fileRef = 2FC33B43188BE5C100073D89 /* account.png */; };
		2FC33B4E188BE5C100073D89 /* account@2x.png in Resources */ = {isa = PBXBuildFile; fileRef = 2FC33B44188BE5C100073D89 /* account@2x.png */; };
		2FC33B4F188BE5C100073D89 /* settings.png in Resources */ = {isa = PBXBuildFile; fileRef = 2FC33B45188BE5C100073D89 /* settings.png */; };
		2FC33B50188BE5C100073D89 /* settings@2x.png in Resources */ = {isa = PBXBuildFile; fileRef = 2FC33B46188BE5C100073D89 /* settings@2x.png */; };
		2FC33B51188BE5C100073D89 /* envelope.png in Resources */ = {isa = PBXBuildFile; fileRef = 2FC33B47188BE5C100073D89 /* envelope.png */; };
		2FC33B52188BE5C100073D89 /* envelope@2x.png in Resources */ = {isa = PBXBuildFile; fileRef = 2FC33B48188BE5C100073D89 /* envelope@2x.png */; };
		2FC33B53188BE5C100073D89 /* arrow.png in Resources */ = {isa = PBXBuildFile; fileRef = 2FC33B49188BE5C100073D89 /* arrow.png */; };
		2FC33B54188BE5C100073D89 /* arrow@2x.png in Resources */ = {isa = PBXBuildFile; fileRef = 2FC33B4A188BE5C100073D89 /* arrow@2x.png */; };
		2FC33B55188BE5C100073D89 /* check.png in Resources */ = {isa = PBXBuildFile; fileRef = 2FC33B4B188BE5C100073D89 /* check.png */; };
		2FC33B56188BE5C100073D89 /* check@2x.png in Resources */ = {isa = PBXBuildFile; fileRef = 2FC33B4C188BE5C100073D89 /* check@2x.png */; };
		2FC33B5A188BE65000073D89 /* EHSidebarCell.m in Sources */ = {isa = PBXBuildFile; fileRef = 2FC33B59188BE65000073D89 /* EHSidebarCell.m */; };
		2FD6730318AA27B600128298 /* sideControlBg.jpg in Resources */ = {isa = PBXBuildFile; fileRef = 2FD6730218AA27B600128298 /* sideControlBg.jpg */; };
		2FD6730618AA2D7900128298 /* user.png in Resources */ = {isa = PBXBuildFile; fileRef = 2FD6730418AA2D7900128298 /* user.png */; };
		2FD6730718AA2D7900128298 /* user@2x.png in Resources */ = {isa = PBXBuildFile; fileRef = 2FD6730518AA2D7900128298 /* user@2x.png */; };
/* End PBXBuildFile section */

/* Begin PBXContainerItemProxy section */
		2FC33AE2188A60A100073D89 /* PBXContainerItemProxy */ = {
			isa = PBXContainerItemProxy;
			containerPortal = 2FC33AB1188A60A100073D89 /* Project object */;
			proxyType = 1;
			remoteGlobalIDString = 2FC33AB8188A60A100073D89;
			remoteInfo = eHealth;
		};
/* End PBXContainerItemProxy section */

/* Begin PBXFileReference section */
		2F375CA9188FA8BB0077657E /* SFMenuCell.h */ = {isa = PBXFileReference; fileEncoding = 4; lastKnownFileType = sourcecode.c.h; path = SFMenuCell.h; sourceTree = "<group>"; };
		2F375CAA188FA8BB0077657E /* SFMenuCell.m */ = {isa = PBXFileReference; fileEncoding = 4; lastKnownFileType = sourcecode.c.objc; path = SFMenuCell.m; sourceTree = "<group>"; };
		2F375CAB188FA8BB0077657E /* SFSlideMenuContentSegue.h */ = {isa = PBXFileReference; fileEncoding = 4; lastKnownFileType = sourcecode.c.h; path = SFSlideMenuContentSegue.h; sourceTree = "<group>"; };
		2F375CAC188FA8BB0077657E /* SFSlideMenuContentSegue.m */ = {isa = PBXFileReference; fileEncoding = 4; lastKnownFileType = sourcecode.c.objc; path = SFSlideMenuContentSegue.m; sourceTree = "<group>"; };
		2F375CAD188FA8BB0077657E /* SFSlideMenuDataSource.h */ = {isa = PBXFileReference; fileEncoding = 4; lastKnownFileType = sourcecode.c.h; path = SFSlideMenuDataSource.h; sourceTree = "<group>"; };
		2F375CAE188FA8BB0077657E /* SFSlideMenuDelegate.h */ = {isa = PBXFileReference; fileEncoding = 4; lastKnownFileType = sourcecode.c.h; path = SFSlideMenuDelegate.h; sourceTree = "<group>"; };
		2F375CAF188FA8BB0077657E /* SFSlideMenuLeftMenuSegue.h */ = {isa = PBXFileReference; fileEncoding = 4; lastKnownFileType = sourcecode.c.h; path = SFSlideMenuLeftMenuSegue.h; sourceTree = "<group>"; };
		2F375CB0188FA8BB0077657E /* SFSlideMenuLeftMenuSegue.m */ = {isa = PBXFileReference; fileEncoding = 4; lastKnownFileType = sourcecode.c.objc; path = SFSlideMenuLeftMenuSegue.m; sourceTree = "<group>"; };
		2F375CB1188FA8BB0077657E /* SFSlideMenuNavigationController.h */ = {isa = PBXFileReference; fileEncoding = 4; lastKnownFileType = sourcecode.c.h; path = SFSlideMenuNavigationController.h; sourceTree = "<group>"; };
		2F375CB2188FA8BB0077657E /* SFSlideMenuNavigationController.m */ = {isa = PBXFileReference; fileEncoding = 4; lastKnownFileType = sourcecode.c.objc; path = SFSlideMenuNavigationController.m; sourceTree = "<group>"; };
		2F375CB3188FA8BB0077657E /* SFSlideMenuPushSegue.h */ = {isa = PBXFileReference; fileEncoding = 4; lastKnownFileType = sourcecode.c.h; path = SFSlideMenuPushSegue.h; sourceTree = "<group>"; };
		2F375CB4188FA8BB0077657E /* SFSlideMenuPushSegue.m */ = {isa = PBXFileReference; fileEncoding = 4; lastKnownFileType = sourcecode.c.objc; path = SFSlideMenuPushSegue.m; sourceTree = "<group>"; };
		2F375CB5188FA8BB0077657E /* SFSlideMenuRightMenuSegue.h */ = {isa = PBXFileReference; fileEncoding = 4; lastKnownFileType = sourcecode.c.h; path = SFSlideMenuRightMenuSegue.h; sourceTree = "<group>"; };
		2F375CB6188FA8BB0077657E /* SFSlideMenuRightMenuSegue.m */ = {isa = PBXFileReference; fileEncoding = 4; lastKnownFileType = sourcecode.c.objc; path = SFSlideMenuRightMenuSegue.m; sourceTree = "<group>"; };
		2F375CB7188FA8BB0077657E /* SFSlideMenuRightMenuViewController.h */ = {isa = PBXFileReference; fileEncoding = 4; lastKnownFileType = sourcecode.c.h; path = SFSlideMenuRightMenuViewController.h; sourceTree = "<group>"; };
		2F375CB8188FA8BB0077657E /* SFSlideMenuRightMenuViewController.m */ = {isa = PBXFileReference; fileEncoding = 4; lastKnownFileType = sourcecode.c.objc; path = SFSlideMenuRightMenuViewController.m; sourceTree = "<group>"; };
		2F375CB9188FA8BB0077657E /* SFSlideMenuRootViewController.h */ = {isa = PBXFileReference; fileEncoding = 4; lastKnownFileType = sourcecode.c.h; path = SFSlideMenuRootViewController.h; sourceTree = "<group>"; };
		2F375CBA188FA8BB0077657E /* SFSlideMenuRootViewController.m */ = {isa = PBXFileReference; fileEncoding = 4; lastKnownFileType = sourcecode.c.objc; path = SFSlideMenuRootViewController.m; sourceTree = "<group>"; };
		2F375CBB188FA8BB0077657E /* SFSlideMenuViewController.h */ = {isa = PBXFileReference; fileEncoding = 4; lastKnownFileType = sourcecode.c.h; path = SFSlideMenuViewController.h; sourceTree = "<group>"; };
		2F375CBC188FA8BB0077657E /* SFSlideMenuViewController.m */ = {isa = PBXFileReference; fileEncoding = 4; lastKnownFileType = sourcecode.c.objc; path = SFSlideMenuViewController.m; sourceTree = "<group>"; };
		2F375CC6188FDF620077657E /* menuIcon.png */ = {isa = PBXFileReference; lastKnownFileType = image.png; path = menuIcon.png; sourceTree = "<group>"; };
		2F375CC7188FDF620077657E /* menuIcon@2x.png */ = {isa = PBXFileReference; lastKnownFileType = image.png; path = "menuIcon@2x.png"; sourceTree = "<group>"; };
		2F375CCA188FE8900077657E /* EHCreateEventController.h */ = {isa = PBXFileReference; fileEncoding = 4; lastKnownFileType = sourcecode.c.h; path = EHCreateEventController.h; sourceTree = "<group>"; };
		2F375CCB188FE8900077657E /* EHCreateEventController.m */ = {isa = PBXFileReference; fileEncoding = 4; lastKnownFileType = sourcecode.c.objc; path = EHCreateEventController.m; sourceTree = "<group>"; };
		2F375CCD188FE8AE0077657E /* EHSettingsController.h */ = {isa = PBXFileReference; fileEncoding = 4; lastKnownFileType = sourcecode.c.h; path = EHSettingsController.h; sourceTree = "<group>"; };
		2F375CCE188FE8AE0077657E /* EHSettingsController.m */ = {isa = PBXFileReference; fileEncoding = 4; lastKnownFileType = sourcecode.c.objc; path = EHSettingsController.m; sourceTree = "<group>"; };
		2F375CD0188FE8D50077657E /* EHInboxController.h */ = {isa = PBXFileReference; fileEncoding = 4; lastKnownFileType = sourcecode.c.h; path = EHInboxController.h; sourceTree = "<group>"; };
		2F375CD1188FE8D50077657E /* EHInboxController.m */ = {isa = PBXFileReference; fileEncoding = 4; lastKnownFileType = sourcecode.c.objc; path = EHInboxController.m; sourceTree = "<group>"; };
		2F375CD3188FE9550077657E /* EHProfileController.h */ = {isa = PBXFileReference; fileEncoding = 4; lastKnownFileType = sourcecode.c.h; path = EHProfileController.h; sourceTree = "<group>"; };
		2F375CD4188FE9550077657E /* EHProfileController.m */ = {isa = PBXFileReference; fileEncoding = 4; lastKnownFileType = sourcecode.c.objc; path = EHProfileController.m; sourceTree = "<group>"; };
		2F375CDF189003B10077657E /* profile.jpg */ = {isa = PBXFileReference; lastKnownFileType = image.jpeg; path = profile.jpg; sourceTree = "<group>"; };
		2F4176FC18A37992003407C0 /* neuroapp@2x.png */ = {isa = PBXFileReference; lastKnownFileType = image.png; path = "neuroapp@2x.png"; sourceTree = "<group>"; };
		2F4176FE18A379BF003407C0 /* neuroapp.png */ = {isa = PBXFileReference; lastKnownFileType = image.png; path = neuroapp.png; sourceTree = "<group>"; };
		2FC33AB9188A60A100073D89 /* eHealth.app */ = {isa = PBXFileReference; explicitFileType = wrapper.application; includeInIndex = 0; path = eHealth.app; sourceTree = BUILT_PRODUCTS_DIR; };
		2FC33ABC188A60A100073D89 /* Foundation.framework */ = {isa = PBXFileReference; lastKnownFileType = wrapper.framework; name = Foundation.framework; path = System/Library/Frameworks/Foundation.framework; sourceTree = SDKROOT; };
		2FC33ABE188A60A100073D89 /* CoreGraphics.framework */ = {isa = PBXFileReference; lastKnownFileType = wrapper.framework; name = CoreGraphics.framework; path = System/Library/Frameworks/CoreGraphics.framework; sourceTree = SDKROOT; };
		2FC33AC0188A60A100073D89 /* UIKit.framework */ = {isa = PBXFileReference; lastKnownFileType = wrapper.framework; name = UIKit.framework; path = System/Library/Frameworks/UIKit.framework; sourceTree = SDKROOT; };
		2FC33AC4188A60A100073D89 /* eHealth-Info.plist */ = {isa = PBXFileReference; lastKnownFileType = text.plist.xml; path = "eHealth-Info.plist"; sourceTree = "<group>"; };
		2FC33AC6188A60A100073D89 /* en */ = {isa = PBXFileReference; lastKnownFileType = text.plist.strings; name = en; path = en.lproj/InfoPlist.strings; sourceTree = "<group>"; };
		2FC33AC8188A60A100073D89 /* main.m */ = {isa = PBXFileReference; lastKnownFileType = sourcecode.c.objc; path = main.m; sourceTree = "<group>"; };
		2FC33ACA188A60A100073D89 /* eHealth-Prefix.pch */ = {isa = PBXFileReference; lastKnownFileType = sourcecode.c.h; path = "eHealth-Prefix.pch"; sourceTree = "<group>"; };
		2FC33ACB188A60A100073D89 /* EHAppDelegate.h */ = {isa = PBXFileReference; lastKnownFileType = sourcecode.c.h; path = EHAppDelegate.h; sourceTree = "<group>"; };
		2FC33ACC188A60A100073D89 /* EHAppDelegate.m */ = {isa = PBXFileReference; lastKnownFileType = sourcecode.c.objc; path = EHAppDelegate.m; sourceTree = "<group>"; };
		2FC33ACF188A60A100073D89 /* Base */ = {isa = PBXFileReference; lastKnownFileType = file.storyboard; name = Base; path = Base.lproj/Main_iPhone.storyboard; sourceTree = "<group>"; };
		2FC33AD2188A60A100073D89 /* Base */ = {isa = PBXFileReference; lastKnownFileType = file.storyboard; name = Base; path = Base.lproj/Main_iPad.storyboard; sourceTree = "<group>"; };
		2FC33AD4188A60A100073D89 /* EHViewController.h */ = {isa = PBXFileReference; lastKnownFileType = sourcecode.c.h; path = EHViewController.h; sourceTree = "<group>"; };
		2FC33AD5188A60A100073D89 /* EHViewController.m */ = {isa = PBXFileReference; lastKnownFileType = sourcecode.c.objc; path = EHViewController.m; sourceTree = "<group>"; };
		2FC33AD7188A60A100073D89 /* Images.xcassets */ = {isa = PBXFileReference; lastKnownFileType = folder.assetcatalog; path = Images.xcassets; sourceTree = "<group>"; };
		2FC33ADD188A60A100073D89 /* eHealthTests.xctest */ = {isa = PBXFileReference; explicitFileType = wrapper.cfbundle; includeInIndex = 0; path = eHealthTests.xctest; sourceTree = BUILT_PRODUCTS_DIR; };
		2FC33ADE188A60A100073D89 /* XCTest.framework */ = {isa = PBXFileReference; lastKnownFileType = wrapper.framework; name = XCTest.framework; path = Library/Frameworks/XCTest.framework; sourceTree = DEVELOPER_DIR; };
		2FC33AE6188A60A100073D89 /* eHealthTests-Info.plist */ = {isa = PBXFileReference; lastKnownFileType = text.plist.xml; path = "eHealthTests-Info.plist"; sourceTree = "<group>"; };
		2FC33AE8188A60A100073D89 /* en */ = {isa = PBXFileReference; lastKnownFileType = text.plist.strings; name = en; path = en.lproj/InfoPlist.strings; sourceTree = "<group>"; };
		2FC33AEA188A60A100073D89 /* eHealthTests.m */ = {isa = PBXFileReference; lastKnownFileType = sourcecode.c.objc; path = eHealthTests.m; sourceTree = "<group>"; };
		2FC33AF5188A618000073D89 /* EHNetworkManager.h */ = {isa = PBXFileReference; fileEncoding = 4; lastKnownFileType = sourcecode.c.h; path = EHNetworkManager.h; sourceTree = "<group>"; };
		2FC33AF6188A618000073D89 /* EHNetworkManager.m */ = {isa = PBXFileReference; fileEncoding = 4; lastKnownFileType = sourcecode.c.objc; path = EHNetworkManager.m; sourceTree = "<group>"; };
		2FC33AFB188B55EF00073D89 /* EHLoginController.h */ = {isa = PBXFileReference; fileEncoding = 4; lastKnownFileType = sourcecode.c.h; path = EHLoginController.h; sourceTree = "<group>"; };
		2FC33AFC188B55EF00073D89 /* EHLoginController.m */ = {isa = PBXFileReference; fileEncoding = 4; lastKnownFileType = sourcecode.c.objc; path = EHLoginController.m; sourceTree = "<group>"; };
		2FC33B00188B57B100073D89 /* mail.png */ = {isa = PBXFileReference; lastKnownFileType = image.png; path = mail.png; sourceTree = "<group>"; };
		2FC33B01188B57B100073D89 /* mail@2x.png */ = {isa = PBXFileReference; lastKnownFileType = image.png; path = "mail@2x.png"; sourceTree = "<group>"; };
		2FC33B04188B57BF00073D89 /* lock.png */ = {isa = PBXFileReference; lastKnownFileType = image.png; path = lock.png; sourceTree = "<group>"; };
		2FC33B05188B57BF00073D89 /* lock@2x.png */ = {isa = PBXFileReference; lastKnownFileType = image.png; path = "lock@2x.png"; sourceTree = "<group>"; };
		2FC33B0A188B64B100073D89 /* MBAlertView.h */ = {isa = PBXFileReference; fileEncoding = 4; lastKnownFileType = sourcecode.c.h; path = MBAlertView.h; sourceTree = "<group>"; };
		2FC33B0B188B64B100073D89 /* MBAlertView.m */ = {isa = PBXFileReference; fileEncoding = 4; lastKnownFileType = sourcecode.c.objc; path = MBAlertView.m; sourceTree = "<group>"; };
		2FC33B0C188B64B100073D89 /* MBAlertViewButton.h */ = {isa = PBXFileReference; fileEncoding = 4; lastKnownFileType = sourcecode.c.h; path = MBAlertViewButton.h; sourceTree = "<group>"; };
		2FC33B0D188B64B100073D89 /* MBAlertViewButton.m */ = {isa = PBXFileReference; fileEncoding = 4; lastKnownFileType = sourcecode.c.objc; path = MBAlertViewButton.m; sourceTree = "<group>"; };
		2FC33B0E188B64B100073D89 /* MBAlertViewItem.h */ = {isa = PBXFileReference; fileEncoding = 4; lastKnownFileType = sourcecode.c.h; path = MBAlertViewItem.h; sourceTree = "<group>"; };
		2FC33B0F188B64B100073D89 /* MBAlertViewItem.m */ = {isa = PBXFileReference; fileEncoding = 4; lastKnownFileType = sourcecode.c.objc; path = MBAlertViewItem.m; sourceTree = "<group>"; };
		2FC33B13188B64EC00073D89 /* MBAlertAbstract.h */ = {isa = PBXFileReference; fileEncoding = 4; lastKnownFileType = sourcecode.c.h; path = MBAlertAbstract.h; sourceTree = "<group>"; };
		2FC33B14188B64EC00073D89 /* MBAlertAbstract.m */ = {isa = PBXFileReference; fileEncoding = 4; lastKnownFileType = sourcecode.c.objc; path = MBAlertAbstract.m; sourceTree = "<group>"; };
		2FC33B17188B652D00073D89 /* MBCheckMarkView.h */ = {isa = PBXFileReference; fileEncoding = 4; lastKnownFileType = sourcecode.c.h; path = MBCheckMarkView.h; sourceTree = "<group>"; };
		2FC33B18188B652D00073D89 /* MBCheckMarkView.m */ = {isa = PBXFileReference; fileEncoding = 4; lastKnownFileType = sourcecode.c.objc; path = MBCheckMarkView.m; sourceTree = "<group>"; };
		2FC33B19188B652D00073D89 /* MBHUDView.h */ = {isa = PBXFileReference; fileEncoding = 4; lastKnownFileType = sourcecode.c.h; path = MBHUDView.h; sourceTree = "<group>"; };
		2FC33B1A188B652D00073D89 /* MBHUDView.m */ = {isa = PBXFileReference; fileEncoding = 4; lastKnownFileType = sourcecode.c.objc; path = MBHUDView.m; sourceTree = "<group>"; };
		2FC33B1B188B652D00073D89 /* MBSpinningCircle.h */ = {isa = PBXFileReference; fileEncoding = 4; lastKnownFileType = sourcecode.c.h; path = MBSpinningCircle.h; sourceTree = "<group>"; };
		2FC33B1C188B652D00073D89 /* MBSpinningCircle.m */ = {isa = PBXFileReference; fileEncoding = 4; lastKnownFileType = sourcecode.c.objc; path = MBSpinningCircle.m; sourceTree = "<group>"; };
		2FC33B21188B655F00073D89 /* NSString+Trim.h */ = {isa = PBXFileReference; fileEncoding = 4; lastKnownFileType = sourcecode.c.h; path = "NSString+Trim.h"; sourceTree = "<group>"; };
		2FC33B22188B655F00073D89 /* NSString+Trim.m */ = {isa = PBXFileReference; fileEncoding = 4; lastKnownFileType = sourcecode.c.objc; path = "NSString+Trim.m"; sourceTree = "<group>"; };
		2FC33B23188B655F00073D89 /* UIFont+Alert.h */ = {isa = PBXFileReference; fileEncoding = 4; lastKnownFileType = sourcecode.c.h; path = "UIFont+Alert.h"; sourceTree = "<group>"; };
		2FC33B24188B655F00073D89 /* UIFont+Alert.m */ = {isa = PBXFileReference; fileEncoding = 4; lastKnownFileType = sourcecode.c.objc; path = "UIFont+Alert.m"; sourceTree = "<group>"; };
		2FC33B25188B655F00073D89 /* UIView+Alert.h */ = {isa = PBXFileReference; fileEncoding = 4; lastKnownFileType = sourcecode.c.h; path = "UIView+Alert.h"; sourceTree = "<group>"; };
		2FC33B26188B655F00073D89 /* UIView+Alert.m */ = {isa = PBXFileReference; fileEncoding = 4; lastKnownFileType = sourcecode.c.objc; path = "UIView+Alert.m"; sourceTree = "<group>"; };
		2FC33B2B188B657C00073D89 /* MBAlertViewSubclass.h */ = {isa = PBXFileReference; lastKnownFileType = sourcecode.c.h; path = MBAlertViewSubclass.h; sourceTree = "<group>"; };
		2FC33B2E188B65CE00073D89 /* AutoLayoutHelpers.h */ = {isa = PBXFileReference; fileEncoding = 4; lastKnownFileType = sourcecode.c.h; path = AutoLayoutHelpers.h; sourceTree = "<group>"; };
		2FC33B2F188B65CE00073D89 /* AutoLayoutHelpers.m */ = {isa = PBXFileReference; fileEncoding = 4; lastKnownFileType = sourcecode.c.objc; path = AutoLayoutHelpers.m; sourceTree = "<group>"; };
		2FC33B30188B65CE00073D89 /* UIView+Autolayout.h */ = {isa = PBXFileReference; fileEncoding = 4; lastKnownFileType = sourcecode.c.h; path = "UIView+Autolayout.h"; sourceTree = "<group>"; };
		2FC33B31188B65CE00073D89 /* UIView+Autolayout.m */ = {isa = PBXFileReference; fileEncoding = 4; lastKnownFileType = sourcecode.c.objc; path = "UIView+Autolayout.m"; sourceTree = "<group>"; };
		2FC33B34188B65E000073D89 /* MBFlatAlertAbstract.h */ = {isa = PBXFileReference; fileEncoding = 4; lastKnownFileType = sourcecode.c.h; path = MBFlatAlertAbstract.h; sourceTree = "<group>"; };
		2FC33B35188B65E000073D89 /* MBFlatAlertAbstract.m */ = {isa = PBXFileReference; fileEncoding = 4; lastKnownFileType = sourcecode.c.objc; path = MBFlatAlertAbstract.m; sourceTree = "<group>"; };
		2FC33B36188B65E000073D89 /* MBFlatAlertButton.h */ = {isa = PBXFileReference; fileEncoding = 4; lastKnownFileType = sourcecode.c.h; path = MBFlatAlertButton.h; sourceTree = "<group>"; };
		2FC33B37188B65E000073D89 /* MBFlatAlertButton.m */ = {isa = PBXFileReference; fileEncoding = 4; lastKnownFileType = sourcecode.c.objc; path = MBFlatAlertButton.m; sourceTree = "<group>"; };
		2FC33B38188B65E000073D89 /* MBFlatAlertView.h */ = {isa = PBXFileReference; fileEncoding = 4; lastKnownFileType = sourcecode.c.h; path = MBFlatAlertView.h; sourceTree = "<group>"; };
		2FC33B39188B65E000073D89 /* MBFlatAlertView.m */ = {isa = PBXFileReference; fileEncoding = 4; lastKnownFileType = sourcecode.c.objc; path = MBFlatAlertView.m; sourceTree = "<group>"; };
		2FC33B3D188BE39D00073D89 /* EHSideController.h */ = {isa = PBXFileReference; fileEncoding = 4; lastKnownFileType = sourcecode.c.h; path = EHSideController.h; sourceTree = "<group>"; };
		2FC33B3E188BE39D00073D89 /* EHSideController.m */ = {isa = PBXFileReference; fileEncoding = 4; lastKnownFileType = sourcecode.c.objc; path = EHSideController.m; sourceTree = "<group>"; };
		2FC33B40188BE52800073D89 /* profile-1.jpg */ = {isa = PBXFileReference; lastKnownFileType = image.jpeg; path = "profile-1.jpg"; sourceTree = "<group>"; };
		2FC33B43188BE5C100073D89 /* account.png */ = {isa = PBXFileReference; lastKnownFileType = image.png; path = account.png; sourceTree = "<group>"; };
		2FC33B44188BE5C100073D89 /* account@2x.png */ = {isa = PBXFileReference; lastKnownFileType = image.png; path = "account@2x.png"; sourceTree = "<group>"; };
		2FC33B45188BE5C100073D89 /* settings.png */ = {isa = PBXFileReference; lastKnownFileType = image.png; path = settings.png; sourceTree = "<group>"; };
		2FC33B46188BE5C100073D89 /* settings@2x.png */ = {isa = PBXFileReference; lastKnownFileType = image.png; path = "settings@2x.png"; sourceTree = "<group>"; };
		2FC33B47188BE5C100073D89 /* envelope.png */ = {isa = PBXFileReference; lastKnownFileType = image.png; path = envelope.png; sourceTree = "<group>"; };
		2FC33B48188BE5C100073D89 /* envelope@2x.png */ = {isa = PBXFileReference; lastKnownFileType = image.png; path = "envelope@2x.png"; sourceTree = "<group>"; };
		2FC33B49188BE5C100073D89 /* arrow.png */ = {isa = PBXFileReference; lastKnownFileType = image.png; path = arrow.png; sourceTree = "<group>"; };
		2FC33B4A188BE5C100073D89 /* arrow@2x.png */ = {isa = PBXFileReference; lastKnownFileType = image.png; path = "arrow@2x.png"; sourceTree = "<group>"; };
		2FC33B4B188BE5C100073D89 /* check.png */ = {isa = PBXFileReference; lastKnownFileType = image.png; path = check.png; sourceTree = "<group>"; };
		2FC33B4C188BE5C100073D89 /* check@2x.png */ = {isa = PBXFileReference; lastKnownFileType = image.png; path = "check@2x.png"; sourceTree = "<group>"; };
		2FC33B58188BE65000073D89 /* EHSidebarCell.h */ = {isa = PBXFileReference; fileEncoding = 4; lastKnownFileType = sourcecode.c.h; path = EHSidebarCell.h; sourceTree = "<group>"; };
		2FC33B59188BE65000073D89 /* EHSidebarCell.m */ = {isa = PBXFileReference; fileEncoding = 4; lastKnownFileType = sourcecode.c.objc; path = EHSidebarCell.m; sourceTree = "<group>"; };
		2FD6730218AA27B600128298 /* sideControlBg.jpg */ = {isa = PBXFileReference; lastKnownFileType = image.jpeg; path = sideControlBg.jpg; sourceTree = "<group>"; };
		2FD6730418AA2D7900128298 /* user.png */ = {isa = PBXFileReference; lastKnownFileType = image.png; path = user.png; sourceTree = "<group>"; };
		2FD6730518AA2D7900128298 /* user@2x.png */ = {isa = PBXFileReference; lastKnownFileType = image.png; path = "user@2x.png"; sourceTree = "<group>"; };
/* End PBXFileReference section */

/* Begin PBXFrameworksBuildPhase section */
		2FC33AB6188A60A100073D89 /* Frameworks */ = {
			isa = PBXFrameworksBuildPhase;
			buildActionMask = 2147483647;
			files = (
				2FC33ABF188A60A100073D89 /* CoreGraphics.framework in Frameworks */,
				2FC33AC1188A60A100073D89 /* UIKit.framework in Frameworks */,
				2FC33ABD188A60A100073D89 /* Foundation.framework in Frameworks */,
			);
			runOnlyForDeploymentPostprocessing = 0;
		};
		2FC33ADA188A60A100073D89 /* Frameworks */ = {
			isa = PBXFrameworksBuildPhase;
			buildActionMask = 2147483647;
			files = (
				2FC33ADF188A60A100073D89 /* XCTest.framework in Frameworks */,
				2FC33AE1188A60A100073D89 /* UIKit.framework in Frameworks */,
				2FC33AE0188A60A100073D89 /* Foundation.framework in Frameworks */,
			);
			runOnlyForDeploymentPostprocessing = 0;
		};
/* End PBXFrameworksBuildPhase section */

/* Begin PBXGroup section */
		2F375CA8188FA88D0077657E /* slideMenu */ = {
			isa = PBXGroup;
			children = (
				2F375CA9188FA8BB0077657E /* SFMenuCell.h */,
				2F375CAA188FA8BB0077657E /* SFMenuCell.m */,
				2F375CAB188FA8BB0077657E /* SFSlideMenuContentSegue.h */,
				2F375CAC188FA8BB0077657E /* SFSlideMenuContentSegue.m */,
				2F375CAD188FA8BB0077657E /* SFSlideMenuDataSource.h */,
				2F375CAE188FA8BB0077657E /* SFSlideMenuDelegate.h */,
				2F375CAF188FA8BB0077657E /* SFSlideMenuLeftMenuSegue.h */,
				2F375CB0188FA8BB0077657E /* SFSlideMenuLeftMenuSegue.m */,
				2F375CB1188FA8BB0077657E /* SFSlideMenuNavigationController.h */,
				2F375CB2188FA8BB0077657E /* SFSlideMenuNavigationController.m */,
				2F375CB3188FA8BB0077657E /* SFSlideMenuPushSegue.h */,
				2F375CB4188FA8BB0077657E /* SFSlideMenuPushSegue.m */,
				2F375CB5188FA8BB0077657E /* SFSlideMenuRightMenuSegue.h */,
				2F375CB6188FA8BB0077657E /* SFSlideMenuRightMenuSegue.m */,
				2F375CB7188FA8BB0077657E /* SFSlideMenuRightMenuViewController.h */,
				2F375CB8188FA8BB0077657E /* SFSlideMenuRightMenuViewController.m */,
				2F375CB9188FA8BB0077657E /* SFSlideMenuRootViewController.h */,
				2F375CBA188FA8BB0077657E /* SFSlideMenuRootViewController.m */,
				2F375CBB188FA8BB0077657E /* SFSlideMenuViewController.h */,
				2F375CBC188FA8BB0077657E /* SFSlideMenuViewController.m */,
			);
			name = slideMenu;
			sourceTree = "<group>";
		};
		2F375CD6188FE97C0077657E /* Event */ = {
			isa = PBXGroup;
			children = (
				2F375CCA188FE8900077657E /* EHCreateEventController.h */,
				2F375CCB188FE8900077657E /* EHCreateEventController.m */,
			);
			name = Event;
			sourceTree = "<group>";
		};
		2F375CD7188FE98B0077657E /* Profile */ = {
			isa = PBXGroup;
			children = (
				2F375CD3188FE9550077657E /* EHProfileController.h */,
				2F375CD4188FE9550077657E /* EHProfileController.m */,
			);
			name = Profile;
			sourceTree = "<group>";
		};
		2F375CD8188FE9950077657E /* Inbox */ = {
			isa = PBXGroup;
			children = (
				2F375CD0188FE8D50077657E /* EHInboxController.h */,
				2F375CD1188FE8D50077657E /* EHInboxController.m */,
			);
			name = Inbox;
			sourceTree = "<group>";
		};
		2F375CD9188FE9A10077657E /* Settings */ = {
			isa = PBXGroup;
			children = (
				2F375CCD188FE8AE0077657E /* EHSettingsController.h */,
				2F375CCE188FE8AE0077657E /* EHSettingsController.m */,
			);
			name = Settings;
			sourceTree = "<group>";
		};
		2FC33AB0188A60A100073D89 = {
			isa = PBXGroup;
			children = (
				2F375CA8188FA88D0077657E /* slideMenu */,
				2FC33B08188B648C00073D89 /* MBAlertView */,
				2FC33AC2188A60A100073D89 /* eHealth */,
				2FC33AE4188A60A100073D89 /* eHealthTests */,
				2FC33ABB188A60A100073D89 /* Frameworks */,
				2FC33ABA188A60A100073D89 /* Products */,
			);
			sourceTree = "<group>";
		};
		2FC33ABA188A60A100073D89 /* Products */ = {
			isa = PBXGroup;
			children = (
				2FC33AB9188A60A100073D89 /* eHealth.app */,
				2FC33ADD188A60A100073D89 /* eHealthTests.xctest */,
			);
			name = Products;
			sourceTree = "<group>";
		};
		2FC33ABB188A60A100073D89 /* Frameworks */ = {
			isa = PBXGroup;
			children = (
				2FC33ABC188A60A100073D89 /* Foundation.framework */,
				2FC33ABE188A60A100073D89 /* CoreGraphics.framework */,
				2FC33AC0188A60A100073D89 /* UIKit.framework */,
				2FC33ADE188A60A100073D89 /* XCTest.framework */,
			);
			name = Frameworks;
			sourceTree = "<group>";
		};
		2FC33AC2188A60A100073D89 /* eHealth */ = {
			isa = PBXGroup;
			children = (
				2F375CD9188FE9A10077657E /* Settings */,
				2F375CD8188FE9950077657E /* Inbox */,
				2F375CD7188FE98B0077657E /* Profile */,
				2F375CD6188FE97C0077657E /* Event */,
				2FC33B57188BE63000073D89 /* SideBar */,
				2FC33AFE188B55F600073D89 /* Login */,
				2FC33AF4188A615E00073D89 /* Network */,
				2FC33ACB188A60A100073D89 /* EHAppDelegate.h */,
				2FC33ACC188A60A100073D89 /* EHAppDelegate.m */,
				2FC33ACE188A60A100073D89 /* Main_iPhone.storyboard */,
				2FC33AD1188A60A100073D89 /* Main_iPad.storyboard */,
				2FC33AD4188A60A100073D89 /* EHViewController.h */,
				2FC33AD5188A60A100073D89 /* EHViewController.m */,
				2FC33AD7188A60A100073D89 /* Images.xcassets */,
				2FC33AC3188A60A100073D89 /* Supporting Files */,
			);
			path = eHealth;
			sourceTree = "<group>";
		};
		2FC33AC3188A60A100073D89 /* Supporting Files */ = {
			isa = PBXGroup;
			children = (
				2FC33B42188BE52C00073D89 /* Images */,
				2FC33AFF188B57A800073D89 /* Icons */,
				2FC33AC4188A60A100073D89 /* eHealth-Info.plist */,
				2FC33AC5188A60A100073D89 /* InfoPlist.strings */,
				2FC33AC8188A60A100073D89 /* main.m */,
				2FC33ACA188A60A100073D89 /* eHealth-Prefix.pch */,
			);
			name = "Supporting Files";
			sourceTree = "<group>";
		};
		2FC33AE4188A60A100073D89 /* eHealthTests */ = {
			isa = PBXGroup;
			children = (
				2FC33AEA188A60A100073D89 /* eHealthTests.m */,
				2FC33AE5188A60A100073D89 /* Supporting Files */,
			);
			path = eHealthTests;
			sourceTree = "<group>";
		};
		2FC33AE5188A60A100073D89 /* Supporting Files */ = {
			isa = PBXGroup;
			children = (
				2FC33AE6188A60A100073D89 /* eHealthTests-Info.plist */,
				2FC33AE7188A60A100073D89 /* InfoPlist.strings */,
			);
			name = "Supporting Files";
			sourceTree = "<group>";
		};
		2FC33AF4188A615E00073D89 /* Network */ = {
			isa = PBXGroup;
			children = (
				2FC33AF5188A618000073D89 /* EHNetworkManager.h */,
				2FC33AF6188A618000073D89 /* EHNetworkManager.m */,
			);
			name = Network;
			sourceTree = "<group>";
		};
		2FC33AFE188B55F600073D89 /* Login */ = {
			isa = PBXGroup;
			children = (
				2FC33AFB188B55EF00073D89 /* EHLoginController.h */,
				2FC33AFC188B55EF00073D89 /* EHLoginController.m */,
			);
			name = Login;
			sourceTree = "<group>";
		};
		2FC33AFF188B57A800073D89 /* Icons */ = {
			isa = PBXGroup;
			children = (
				2FD6730418AA2D7900128298 /* user.png */,
				2FD6730518AA2D7900128298 /* user@2x.png */,
				2F4176FE18A379BF003407C0 /* neuroapp.png */,
				2F4176FC18A37992003407C0 /* neuroapp@2x.png */,
				2F375CC6188FDF620077657E /* menuIcon.png */,
				2F375CC7188FDF620077657E /* menuIcon@2x.png */,
				2FC33B43188BE5C100073D89 /* account.png */,
				2FC33B44188BE5C100073D89 /* account@2x.png */,
				2FC33B45188BE5C100073D89 /* settings.png */,
				2FC33B46188BE5C100073D89 /* settings@2x.png */,
				2FC33B47188BE5C100073D89 /* envelope.png */,
				2FC33B48188BE5C100073D89 /* envelope@2x.png */,
				2FC33B49188BE5C100073D89 /* arrow.png */,
				2FC33B4A188BE5C100073D89 /* arrow@2x.png */,
				2FC33B4B188BE5C100073D89 /* check.png */,
				2FC33B4C188BE5C100073D89 /* check@2x.png */,
				2FC33B04188B57BF00073D89 /* lock.png */,
				2FC33B05188B57BF00073D89 /* lock@2x.png */,
				2FC33B00188B57B100073D89 /* mail.png */,
				2FC33B01188B57B100073D89 /* mail@2x.png */,
			);
			name = Icons;
			sourceTree = "<group>";
		};
		2FC33B08188B648C00073D89 /* MBAlertView */ = {
			isa = PBXGroup;
			children = (
				2FC33B2C188B65B800073D89 /* Flat */,
				2FC33B2A188B656E00073D89 /* Protected */,
				2FC33B20188B654200073D89 /* Categories */,
				2FC33B16188B64FF00073D89 /* HUD */,
				2FC33B13188B64EC00073D89 /* MBAlertAbstract.h */,
				2FC33B14188B64EC00073D89 /* MBAlertAbstract.m */,
				2FC33B09188B64A400073D89 /* Classic */,
			);
			name = MBAlertView;
			path = eHealth;
			sourceTree = "<group>";
		};
		2FC33B09188B64A400073D89 /* Classic */ = {
			isa = PBXGroup;
			children = (
				2FC33B0A188B64B100073D89 /* MBAlertView.h */,
				2FC33B0B188B64B100073D89 /* MBAlertView.m */,
				2FC33B0C188B64B100073D89 /* MBAlertViewButton.h */,
				2FC33B0D188B64B100073D89 /* MBAlertViewButton.m */,
				2FC33B0E188B64B100073D89 /* MBAlertViewItem.h */,
				2FC33B0F188B64B100073D89 /* MBAlertViewItem.m */,
			);
			name = Classic;
			sourceTree = "<group>";
		};
		2FC33B16188B64FF00073D89 /* HUD */ = {
			isa = PBXGroup;
			children = (
				2FC33B17188B652D00073D89 /* MBCheckMarkView.h */,
				2FC33B18188B652D00073D89 /* MBCheckMarkView.m */,
				2FC33B19188B652D00073D89 /* MBHUDView.h */,
				2FC33B1A188B652D00073D89 /* MBHUDView.m */,
				2FC33B1B188B652D00073D89 /* MBSpinningCircle.h */,
				2FC33B1C188B652D00073D89 /* MBSpinningCircle.m */,
			);
			name = HUD;
			sourceTree = "<group>";
		};
		2FC33B20188B654200073D89 /* Categories */ = {
			isa = PBXGroup;
			children = (
				2FC33B21188B655F00073D89 /* NSString+Trim.h */,
				2FC33B22188B655F00073D89 /* NSString+Trim.m */,
				2FC33B23188B655F00073D89 /* UIFont+Alert.h */,
				2FC33B24188B655F00073D89 /* UIFont+Alert.m */,
				2FC33B25188B655F00073D89 /* UIView+Alert.h */,
				2FC33B26188B655F00073D89 /* UIView+Alert.m */,
			);
			name = Categories;
			sourceTree = "<group>";
		};
		2FC33B2A188B656E00073D89 /* Protected */ = {
			isa = PBXGroup;
			children = (
				2FC33B2B188B657C00073D89 /* MBAlertViewSubclass.h */,
			);
			name = Protected;
			sourceTree = "<group>";
		};
		2FC33B2C188B65B800073D89 /* Flat */ = {
			isa = PBXGroup;
			children = (
				2FC33B34188B65E000073D89 /* MBFlatAlertAbstract.h */,
				2FC33B35188B65E000073D89 /* MBFlatAlertAbstract.m */,
				2FC33B36188B65E000073D89 /* MBFlatAlertButton.h */,
				2FC33B37188B65E000073D89 /* MBFlatAlertButton.m */,
				2FC33B38188B65E000073D89 /* MBFlatAlertView.h */,
				2FC33B39188B65E000073D89 /* MBFlatAlertView.m */,
				2FC33B2D188B65C300073D89 /* AutolayoutHelpers */,
			);
			name = Flat;
			sourceTree = "<group>";
		};
		2FC33B2D188B65C300073D89 /* AutolayoutHelpers */ = {
			isa = PBXGroup;
			children = (
				2FC33B2E188B65CE00073D89 /* AutoLayoutHelpers.h */,
				2FC33B2F188B65CE00073D89 /* AutoLayoutHelpers.m */,
				2FC33B30188B65CE00073D89 /* UIView+Autolayout.h */,
				2FC33B31188B65CE00073D89 /* UIView+Autolayout.m */,
			);
			name = AutolayoutHelpers;
			sourceTree = "<group>";
		};
		2FC33B42188BE52C00073D89 /* Images */ = {
			isa = PBXGroup;
			children = (
				2FD6730218AA27B600128298 /* sideControlBg.jpg */,
				2F375CDF189003B10077657E /* profile.jpg */,
				2FC33B40188BE52800073D89 /* profile-1.jpg */,
			);
			name = Images;
			sourceTree = "<group>";
		};
		2FC33B57188BE63000073D89 /* SideBar */ = {
			isa = PBXGroup;
			children = (
				2FC33B3D188BE39D00073D89 /* EHSideController.h */,
				2FC33B3E188BE39D00073D89 /* EHSideController.m */,
				2FC33B58188BE65000073D89 /* EHSidebarCell.h */,
				2FC33B59188BE65000073D89 /* EHSidebarCell.m */,
			);
			name = SideBar;
			sourceTree = "<group>";
		};
/* End PBXGroup section */

/* Begin PBXNativeTarget section */
		2FC33AB8188A60A100073D89 /* eHealth */ = {
			isa = PBXNativeTarget;
			buildConfigurationList = 2FC33AEE188A60A100073D89 /* Build configuration list for PBXNativeTarget "eHealth" */;
			buildPhases = (
				2FC33AB5188A60A100073D89 /* Sources */,
				2FC33AB6188A60A100073D89 /* Frameworks */,
				2FC33AB7188A60A100073D89 /* Resources */,
			);
			buildRules = (
			);
			dependencies = (
			);
			name = eHealth;
			productName = eHealth;
			productReference = 2FC33AB9188A60A100073D89 /* eHealth.app */;
			productType = "com.apple.product-type.application";
		};
		2FC33ADC188A60A100073D89 /* eHealthTests */ = {
			isa = PBXNativeTarget;
			buildConfigurationList = 2FC33AF1188A60A100073D89 /* Build configuration list for PBXNativeTarget "eHealthTests" */;
			buildPhases = (
				2FC33AD9188A60A100073D89 /* Sources */,
				2FC33ADA188A60A100073D89 /* Frameworks */,
				2FC33ADB188A60A100073D89 /* Resources */,
			);
			buildRules = (
			);
			dependencies = (
				2FC33AE3188A60A100073D89 /* PBXTargetDependency */,
			);
			name = eHealthTests;
			productName = eHealthTests;
			productReference = 2FC33ADD188A60A100073D89 /* eHealthTests.xctest */;
			productType = "com.apple.product-type.bundle.unit-test";
		};
/* End PBXNativeTarget section */

/* Begin PBXProject section */
		2FC33AB1188A60A100073D89 /* Project object */ = {
			isa = PBXProject;
			attributes = {
				CLASSPREFIX = EH;
				LastUpgradeCheck = 0500;
				ORGANIZATIONNAME = eHealth;
				TargetAttributes = {
					2FC33ADC188A60A100073D89 = {
						TestTargetID = 2FC33AB8188A60A100073D89;
					};
				};
			};
			buildConfigurationList = 2FC33AB4188A60A100073D89 /* Build configuration list for PBXProject "eHealth" */;
			compatibilityVersion = "Xcode 3.2";
			developmentRegion = English;
			hasScannedForEncodings = 0;
			knownRegions = (
				en,
				Base,
			);
			mainGroup = 2FC33AB0188A60A100073D89;
			productRefGroup = 2FC33ABA188A60A100073D89 /* Products */;
			projectDirPath = "";
			projectRoot = "";
			targets = (
				2FC33AB8188A60A100073D89 /* eHealth */,
				2FC33ADC188A60A100073D89 /* eHealthTests */,
			);
		};
/* End PBXProject section */

/* Begin PBXResourcesBuildPhase section */
		2FC33AB7188A60A100073D89 /* Resources */ = {
			isa = PBXResourcesBuildPhase;
			buildActionMask = 2147483647;
			files = (
				2F375CC9188FDF620077657E /* menuIcon@2x.png in Resources */,
				2FC33B55188BE5C100073D89 /* check.png in Resources */,
				2F375CC8188FDF620077657E /* menuIcon.png in Resources */,
				2FC33B4F188BE5C100073D89 /* settings.png in Resources */,
				2FD6730618AA2D7900128298 /* user.png in Resources */,
				2F375CE0189003B10077657E /* profile.jpg in Resources */,
				2FC33B50188BE5C100073D89 /* settings@2x.png in Resources */,
				2F4176FD18A37992003407C0 /* neuroapp@2x.png in Resources */,
				2FC33B41188BE52800073D89 /* profile-1.jpg in Resources */,
				2FC33B4D188BE5C100073D89 /* account.png in Resources */,
				2FC33AD3188A60A100073D89 /* Main_iPad.storyboard in Resources */,
				2FC33B51188BE5C100073D89 /* envelope.png in Resources */,
				2FC33B52188BE5C100073D89 /* envelope@2x.png in Resources */,
				2FC33B53188BE5C100073D89 /* arrow.png in Resources */,
				2FC33B56188BE5C100073D89 /* check@2x.png in Resources */,
				2FC33B07188B57BF00073D89 /* lock@2x.png in Resources */,
				2FD6730718AA2D7900128298 /* user@2x.png in Resources */,
				2FC33B02188B57B100073D89 /* mail.png in Resources */,
				2FC33AD8188A60A100073D89 /* Images.xcassets in Resources */,
				2F4176FF18A379BF003407C0 /* neuroapp.png in Resources */,
				2FC33B03188B57B100073D89 /* mail@2x.png in Resources */,
				2FC33AD0188A60A100073D89 /* Main_iPhone.storyboard in Resources */,
				2FC33AC7188A60A100073D89 /* InfoPlist.strings in Resources */,
				2FC33B06188B57BF00073D89 /* lock.png in Resources */,
				2FC33B54188BE5C100073D89 /* arrow@2x.png in Resources */,
				2FC33B4E188BE5C100073D89 /* account@2x.png in Resources */,
				2FD6730318AA27B600128298 /* sideControlBg.jpg in Resources */,
			);
			runOnlyForDeploymentPostprocessing = 0;
		};
		2FC33ADB188A60A100073D89 /* Resources */ = {
			isa = PBXResourcesBuildPhase;
			buildActionMask = 2147483647;
			files = (
				2FC33AE9188A60A100073D89 /* InfoPlist.strings in Resources */,
			);
			runOnlyForDeploymentPostprocessing = 0;
		};
/* End PBXResourcesBuildPhase section */

/* Begin PBXSourcesBuildPhase section */
		2FC33AB5188A60A100073D89 /* Sources */ = {
			isa = PBXSourcesBuildPhase;
			buildActionMask = 2147483647;
			files = (
				2F375CC1188FA8BB0077657E /* SFSlideMenuPushSegue.m in Sources */,
				2F375CC5188FA8BB0077657E /* SFSlideMenuViewController.m in Sources */,
				2FC33B3F188BE39D00073D89 /* EHSideController.m in Sources */,
				2FC33B10188B64B100073D89 /* MBAlertView.m in Sources */,
				2FC33B3C188B65E000073D89 /* MBFlatAlertView.m in Sources */,
				2FC33B28188B655F00073D89 /* UIFont+Alert.m in Sources */,
				2FC33AD6188A60A100073D89 /* EHViewController.m in Sources */,
				2F375CC0188FA8BB0077657E /* SFSlideMenuNavigationController.m in Sources */,
				2FC33B27188B655F00073D89 /* NSString+Trim.m in Sources */,
				2F375CD5188FE9550077657E /* EHProfileController.m in Sources */,
				2FC33B11188B64B100073D89 /* MBAlertViewButton.m in Sources */,
				2F375CBD188FA8BB0077657E /* SFMenuCell.m in Sources */,
				2FC33B5A188BE65000073D89 /* EHSidebarCell.m in Sources */,
				2FC33B33188B65CE00073D89 /* UIView+Autolayout.m in Sources */,
				2FC33B15188B64EC00073D89 /* MBAlertAbstract.m in Sources */,
				2F375CC3188FA8BB0077657E /* SFSlideMenuRightMenuViewController.m in Sources */,
				2FC33B1F188B652D00073D89 /* MBSpinningCircle.m in Sources */,
				2FC33AC9188A60A100073D89 /* main.m in Sources */,
				2F375CBF188FA8BB0077657E /* SFSlideMenuLeftMenuSegue.m in Sources */,
				2FC33B3B188B65E000073D89 /* MBFlatAlertButton.m in Sources */,
				2F375CD2188FE8D50077657E /* EHInboxController.m in Sources */,
				2FC33B32188B65CE00073D89 /* AutoLayoutHelpers.m in Sources */,
				2F375CBE188FA8BB0077657E /* SFSlideMenuContentSegue.m in Sources */,
				2FC33ACD188A60A100073D89 /* EHAppDelegate.m in Sources */,
				2F375CCF188FE8AE0077657E /* EHSettingsController.m in Sources */,
				2FC33B12188B64B100073D89 /* MBAlertViewItem.m in Sources */,
				2F375CC4188FA8BB0077657E /* SFSlideMenuRootViewController.m in Sources */,
				2F375CC2188FA8BB0077657E /* SFSlideMenuRightMenuSegue.m in Sources */,
				2FC33B3A188B65E000073D89 /* MBFlatAlertAbstract.m in Sources */,
				2FC33B1D188B652D00073D89 /* MBCheckMarkView.m in Sources */,
				2F375CCC188FE8900077657E /* EHCreateEventController.m in Sources */,
				2FC33AF7188A618000073D89 /* EHNetworkManager.m in Sources */,
				2FC33AFD188B55EF00073D89 /* EHLoginController.m in Sources */,
				2FC33B29188B655F00073D89 /* UIView+Alert.m in Sources */,
				2FC33B1E188B652D00073D89 /* MBHUDView.m in Sources */,
			);
			runOnlyForDeploymentPostprocessing = 0;
		};
		2FC33AD9188A60A100073D89 /* Sources */ = {
			isa = PBXSourcesBuildPhase;
			buildActionMask = 2147483647;
			files = (
				2FC33AEB188A60A100073D89 /* eHealthTests.m in Sources */,
			);
			runOnlyForDeploymentPostprocessing = 0;
		};
/* End PBXSourcesBuildPhase section */

/* Begin PBXTargetDependency section */
		2FC33AE3188A60A100073D89 /* PBXTargetDependency */ = {
			isa = PBXTargetDependency;
			target = 2FC33AB8188A60A100073D89 /* eHealth */;
			targetProxy = 2FC33AE2188A60A100073D89 /* PBXContainerItemProxy */;
		};
/* End PBXTargetDependency section */

/* Begin PBXVariantGroup section */
		2FC33AC5188A60A100073D89 /* InfoPlist.strings */ = {
			isa = PBXVariantGroup;
			children = (
				2FC33AC6188A60A100073D89 /* en */,
			);
			name = InfoPlist.strings;
			sourceTree = "<group>";
		};
		2FC33ACE188A60A100073D89 /* Main_iPhone.storyboard */ = {
			isa = PBXVariantGroup;
			children = (
				2FC33ACF188A60A100073D89 /* Base */,
			);
			name = Main_iPhone.storyboard;
			sourceTree = "<group>";
		};
		2FC33AD1188A60A100073D89 /* Main_iPad.storyboard */ = {
			isa = PBXVariantGroup;
			children = (
				2FC33AD2188A60A100073D89 /* Base */,
			);
			name = Main_iPad.storyboard;
			sourceTree = "<group>";
		};
		2FC33AE7188A60A100073D89 /* InfoPlist.strings */ = {
			isa = PBXVariantGroup;
			children = (
				2FC33AE8188A60A100073D89 /* en */,
			);
			name = InfoPlist.strings;
			sourceTree = "<group>";
		};
/* End PBXVariantGroup section */

/* Begin XCBuildConfiguration section */
		2FC33AEC188A60A100073D89 /* Debug */ = {
			isa = XCBuildConfiguration;
			buildSettings = {
				ALWAYS_SEARCH_USER_PATHS = NO;
				ARCHS = "$(ARCHS_STANDARD_INCLUDING_64_BIT)";
				CLANG_CXX_LANGUAGE_STANDARD = "gnu++0x";
				CLANG_CXX_LIBRARY = "libc++";
				CLANG_ENABLE_MODULES = YES;
				CLANG_ENABLE_OBJC_ARC = YES;
				CLANG_WARN_BOOL_CONVERSION = YES;
				CLANG_WARN_CONSTANT_CONVERSION = YES;
				CLANG_WARN_DIRECT_OBJC_ISA_USAGE = YES_ERROR;
				CLANG_WARN_EMPTY_BODY = YES;
				CLANG_WARN_ENUM_CONVERSION = YES;
				CLANG_WARN_INT_CONVERSION = YES;
				CLANG_WARN_OBJC_ROOT_CLASS = YES_ERROR;
				CLANG_WARN__DUPLICATE_METHOD_MATCH = YES;
				"CODE_SIGN_IDENTITY[sdk=iphoneos*]" = "iPhone Developer";
				COPY_PHASE_STRIP = NO;
				GCC_C_LANGUAGE_STANDARD = gnu99;
				GCC_DYNAMIC_NO_PIC = NO;
				GCC_OPTIMIZATION_LEVEL = 0;
				GCC_PREPROCESSOR_DEFINITIONS = (
					"DEBUG=1",
					"$(inherited)",
				);
				GCC_SYMBOLS_PRIVATE_EXTERN = NO;
				GCC_WARN_64_TO_32_BIT_CONVERSION = YES;
				GCC_WARN_ABOUT_RETURN_TYPE = YES_ERROR;
				GCC_WARN_UNDECLARED_SELECTOR = YES;
				GCC_WARN_UNINITIALIZED_AUTOS = YES;
				GCC_WARN_UNUSED_FUNCTION = YES;
				GCC_WARN_UNUSED_VARIABLE = YES;
				IPHONEOS_DEPLOYMENT_TARGET = 7.0;
				ONLY_ACTIVE_ARCH = YES;
				SDKROOT = iphoneos;
				TARGETED_DEVICE_FAMILY = "1,2";
			};
			name = Debug;
		};
		2FC33AED188A60A100073D89 /* Release */ = {
			isa = XCBuildConfiguration;
			buildSettings = {
				ALWAYS_SEARCH_USER_PATHS = NO;
				ARCHS = "$(ARCHS_STANDARD_INCLUDING_64_BIT)";
				CLANG_CXX_LANGUAGE_STANDARD = "gnu++0x";
				CLANG_CXX_LIBRARY = "libc++";
				CLANG_ENABLE_MODULES = YES;
				CLANG_ENABLE_OBJC_ARC = YES;
				CLANG_WARN_BOOL_CONVERSION = YES;
				CLANG_WARN_CONSTANT_CONVERSION = YES;
				CLANG_WARN_DIRECT_OBJC_ISA_USAGE = YES_ERROR;
				CLANG_WARN_EMPTY_BODY = YES;
				CLANG_WARN_ENUM_CONVERSION = YES;
				CLANG_WARN_INT_CONVERSION = YES;
				CLANG_WARN_OBJC_ROOT_CLASS = YES_ERROR;
				CLANG_WARN__DUPLICATE_METHOD_MATCH = YES;
				"CODE_SIGN_IDENTITY[sdk=iphoneos*]" = "iPhone Developer";
				COPY_PHASE_STRIP = YES;
				ENABLE_NS_ASSERTIONS = NO;
				GCC_C_LANGUAGE_STANDARD = gnu99;
				GCC_WARN_64_TO_32_BIT_CONVERSION = YES;
				GCC_WARN_ABOUT_RETURN_TYPE = YES_ERROR;
				GCC_WARN_UNDECLARED_SELECTOR = YES;
				GCC_WARN_UNINITIALIZED_AUTOS = YES;
				GCC_WARN_UNUSED_FUNCTION = YES;
				GCC_WARN_UNUSED_VARIABLE = YES;
				IPHONEOS_DEPLOYMENT_TARGET = 7.0;
				SDKROOT = iphoneos;
				TARGETED_DEVICE_FAMILY = "1,2";
				VALIDATE_PRODUCT = YES;
			};
			name = Release;
		};
		2FC33AEF188A60A100073D89 /* Debug */ = {
			isa = XCBuildConfiguration;
			buildSettings = {
				ASSETCATALOG_COMPILER_APPICON_NAME = AppIcon;
				ASSETCATALOG_COMPILER_LAUNCHIMAGE_NAME = LaunchImage;
				GCC_PRECOMPILE_PREFIX_HEADER = YES;
				GCC_PREFIX_HEADER = "eHealth/eHealth-Prefix.pch";
				INFOPLIST_FILE = "eHealth/eHealth-Info.plist";
				IPHONEOS_DEPLOYMENT_TARGET = 6.1;
				PRODUCT_NAME = "$(TARGET_NAME)";
				WRAPPER_EXTENSION = app;
			};
			name = Debug;
		};
		2FC33AF0188A60A100073D89 /* Release */ = {
			isa = XCBuildConfiguration;
			buildSettings = {
				ASSETCATALOG_COMPILER_APPICON_NAME = AppIcon;
				ASSETCATALOG_COMPILER_LAUNCHIMAGE_NAME = LaunchImage;
				GCC_PRECOMPILE_PREFIX_HEADER = YES;
				GCC_PREFIX_HEADER = "eHealth/eHealth-Prefix.pch";
				INFOPLIST_FILE = "eHealth/eHealth-Info.plist";
				IPHONEOS_DEPLOYMENT_TARGET = 6.1;
				PRODUCT_NAME = "$(TARGET_NAME)";
				WRAPPER_EXTENSION = app;
			};
			name = Release;
		};
		2FC33AF2188A60A100073D89 /* Debug */ = {
			isa = XCBuildConfiguration;
			buildSettings = {
				ARCHS = "$(ARCHS_STANDARD_INCLUDING_64_BIT)";
				BUNDLE_LOADER = "$(BUILT_PRODUCTS_DIR)/eHealth.app/eHealth";
				FRAMEWORK_SEARCH_PATHS = (
					"$(SDKROOT)/Developer/Library/Frameworks",
					"$(inherited)",
					"$(DEVELOPER_FRAMEWORKS_DIR)",
				);
				GCC_PRECOMPILE_PREFIX_HEADER = YES;
				GCC_PREFIX_HEADER = "eHealth/eHealth-Prefix.pch";
				GCC_PREPROCESSOR_DEFINITIONS = (
					"DEBUG=1",
					"$(inherited)",
				);
				INFOPLIST_FILE = "eHealthTests/eHealthTests-Info.plist";
				PRODUCT_NAME = "$(TARGET_NAME)";
				TEST_HOST = "$(BUNDLE_LOADER)";
				WRAPPER_EXTENSION = xctest;
			};
			name = Debug;
		};
		2FC33AF3188A60A100073D89 /* Release */ = {
			isa = XCBuildConfiguration;
			buildSettings = {
				ARCHS = "$(ARCHS_STANDARD_INCLUDING_64_BIT)";
				BUNDLE_LOADER = "$(BUILT_PRODUCTS_DIR)/eHealth.app/eHealth";
				FRAMEWORK_SEARCH_PATHS = (
					"$(SDKROOT)/Developer/Library/Frameworks",
					"$(inherited)",
					"$(DEVELOPER_FRAMEWORKS_DIR)",
				);
				GCC_PRECOMPILE_PREFIX_HEADER = YES;
				GCC_PREFIX_HEADER = "eHealth/eHealth-Prefix.pch";
				INFOPLIST_FILE = "eHealthTests/eHealthTests-Info.plist";
				PRODUCT_NAME = "$(TARGET_NAME)";
				TEST_HOST = "$(BUNDLE_LOADER)";
				WRAPPER_EXTENSION = xctest;
			};
			name = Release;
		};
/* End XCBuildConfiguration section */

/* Begin XCConfigurationList section */
		2FC33AB4188A60A100073D89 /* Build configuration list for PBXProject "eHealth" */ = {
			isa = XCConfigurationList;
			buildConfigurations = (
				2FC33AEC188A60A100073D89 /* Debug */,
				2FC33AED188A60A100073D89 /* Release */,
			);
			defaultConfigurationIsVisible = 0;
			defaultConfigurationName = Release;
		};
		2FC33AEE188A60A100073D89 /* Build configuration list for PBXNativeTarget "eHealth" */ = {
			isa = XCConfigurationList;
			buildConfigurations = (
				2FC33AEF188A60A100073D89 /* Debug */,
				2FC33AF0188A60A100073D89 /* Release */,
			);
			defaultConfigurationIsVisible = 0;
			defaultConfigurationName = Release;
		};
		2FC33AF1188A60A100073D89 /* Build configuration list for PBXNativeTarget "eHealthTests" */ = {
			isa = XCConfigurationList;
			buildConfigurations = (
				2FC33AF2188A60A100073D89 /* Debug */,
				2FC33AF3188A60A100073D89 /* Release */,
			);
			defaultConfigurationIsVisible = 0;
			defaultConfigurationName = Release;
		};
/* End XCConfigurationList section */
	};
	rootObject = 2FC33AB1188A60A100073D89 /* Project object */;
}
